// !$*UTF8*$!
{
	archiveVersion = 1;
	classes = {
	};
	objectVersion = 56;
	objects = {

/* Begin PBXBuildFile section */
		3B569D4D2A88E8B300AC9DA1 /* TrackizerApp.swift in Sources */ = {isa = PBXBuildFile; fileRef = 3B569D4C2A88E8B300AC9DA1 /* TrackizerApp.swift */; };
		3B569D512A88E8B500AC9DA1 /* Assets.xcassets in Resources */ = {isa = PBXBuildFile; fileRef = 3B569D502A88E8B500AC9DA1 /* Assets.xcassets */; };
		3B569D542A88E8B500AC9DA1 /* Preview Assets.xcassets in Resources */ = {isa = PBXBuildFile; fileRef = 3B569D532A88E8B500AC9DA1 /* Preview Assets.xcassets */; };
		3B569D5E2A88E8B500AC9DA1 /* TrackizerTests.swift in Sources */ = {isa = PBXBuildFile; fileRef = 3B569D5D2A88E8B500AC9DA1 /* TrackizerTests.swift */; };
		3B569D682A88E8B500AC9DA1 /* TrackizerUITests.swift in Sources */ = {isa = PBXBuildFile; fileRef = 3B569D672A88E8B500AC9DA1 /* TrackizerUITests.swift */; };
		3B569D6A2A88E8B500AC9DA1 /* TrackizerUITestsLaunchTests.swift in Sources */ = {isa = PBXBuildFile; fileRef = 3B569D692A88E8B500AC9DA1 /* TrackizerUITestsLaunchTests.swift */; };
		3B569D842A88EC6900AC9DA1 /* Inter-Bold.ttf in Resources */ = {isa = PBXBuildFile; fileRef = 3B569D802A88EC6800AC9DA1 /* Inter-Bold.ttf */; };
		3B569D852A88EC6900AC9DA1 /* Inter-SemiBold.ttf in Resources */ = {isa = PBXBuildFile; fileRef = 3B569D812A88EC6900AC9DA1 /* Inter-SemiBold.ttf */; };
		3B569D862A88EC6900AC9DA1 /* Inter-Regular.ttf in Resources */ = {isa = PBXBuildFile; fileRef = 3B569D822A88EC6900AC9DA1 /* Inter-Regular.ttf */; };
		3B569D872A88EC6900AC9DA1 /* Inter-Medium.ttf in Resources */ = {isa = PBXBuildFile; fileRef = 3B569D832A88EC6900AC9DA1 /* Inter-Medium.ttf */; };
		3B569D8A2A88ED3800AC9DA1 /* UIExtension.swift in Sources */ = {isa = PBXBuildFile; fileRef = 3B569D892A88ED3800AC9DA1 /* UIExtension.swift */; };
		3B569D8C2A88F72E00AC9DA1 /* WelcomeView.swift in Sources */ = {isa = PBXBuildFile; fileRef = 3B569D8B2A88F72E00AC9DA1 /* WelcomeView.swift */; };
		3B569D8E2A89D4CA00AC9DA1 /* PrimaryButton.swift in Sources */ = {isa = PBXBuildFile; fileRef = 3B569D8D2A89D4CA00AC9DA1 /* PrimaryButton.swift */; };
		3B569D902A89D61D00AC9DA1 /* SecondaryButton.swift in Sources */ = {isa = PBXBuildFile; fileRef = 3B569D8F2A89D61D00AC9DA1 /* SecondaryButton.swift */; };
		3B569D922A89D7AB00AC9DA1 /* SocialSignupView.swift in Sources */ = {isa = PBXBuildFile; fileRef = 3B569D912A89D7AB00AC9DA1 /* SocialSignupView.swift */; };
		3B569D962A89E09700AC9DA1 /* RoundedTextField.swift in Sources */ = {isa = PBXBuildFile; fileRef = 3B569D952A89E09700AC9DA1 /* RoundedTextField.swift */; };
		3B569D982A89E4FF00AC9DA1 /* SignInView.swift in Sources */ = {isa = PBXBuildFile; fileRef = 3B569D972A89E4FF00AC9DA1 /* SignInView.swift */; };
		3B569D9A2A89EE3C00AC9DA1 /* SignUpView.swift in Sources */ = {isa = PBXBuildFile; fileRef = 3B569D992A89EE3C00AC9DA1 /* SignUpView.swift */; };
		3B8A47BB2A8CC43B00CC0A00 /* MainTabView.swift in Sources */ = {isa = PBXBuildFile; fileRef = 3B8A47BA2A8CC43B00CC0A00 /* MainTabView.swift */; };
		3B8A47BD2A8CCE9E00CC0A00 /* HomeView.swift in Sources */ = {isa = PBXBuildFile; fileRef = 3B8A47BC2A8CCE9E00CC0A00 /* HomeView.swift */; };
		3B8A47BF2A8CD1B600CC0A00 /* SegmentButton.swift in Sources */ = {isa = PBXBuildFile; fileRef = 3B8A47BE2A8CD1B600CC0A00 /* SegmentButton.swift */; };
		3B8A47C12A8CD40700CC0A00 /* SubscriptionModel.swift in Sources */ = {isa = PBXBuildFile; fileRef = 3B8A47C02A8CD40700CC0A00 /* SubscriptionModel.swift */; };
		3B8A47C32A8CDC1900CC0A00 /* SubscriptionHomeRow.swift in Sources */ = {isa = PBXBuildFile; fileRef = 3B8A47C22A8CDC1900CC0A00 /* SubscriptionHomeRow.swift */; };
		3B8A47C52A8CDCC100CC0A00 /* UpcommingBillRow.swift in Sources */ = {isa = PBXBuildFile; fileRef = 3B8A47C42A8CDCC100CC0A00 /* UpcommingBillRow.swift */; };
		3B8A47C72A8CE0C900CC0A00 /* StatusButton.swift in Sources */ = {isa = PBXBuildFile; fileRef = 3B8A47C62A8CE0C900CC0A00 /* StatusButton.swift */; };
/* End PBXBuildFile section */

/* Begin PBXContainerItemProxy section */
		3B569D5A2A88E8B500AC9DA1 /* PBXContainerItemProxy */ = {
			isa = PBXContainerItemProxy;
			containerPortal = 3B569D412A88E8B300AC9DA1 /* Project object */;
			proxyType = 1;
			remoteGlobalIDString = 3B569D482A88E8B300AC9DA1;
			remoteInfo = Trackizer;
		};
		3B569D642A88E8B500AC9DA1 /* PBXContainerItemProxy */ = {
			isa = PBXContainerItemProxy;
			containerPortal = 3B569D412A88E8B300AC9DA1 /* Project object */;
			proxyType = 1;
			remoteGlobalIDString = 3B569D482A88E8B300AC9DA1;
			remoteInfo = Trackizer;
		};
/* End PBXContainerItemProxy section */

/* Begin PBXFileReference section */
		3B569D492A88E8B300AC9DA1 /* Trackizer.app */ = {isa = PBXFileReference; explicitFileType = wrapper.application; includeInIndex = 0; path = Trackizer.app; sourceTree = BUILT_PRODUCTS_DIR; };
		3B569D4C2A88E8B300AC9DA1 /* TrackizerApp.swift */ = {isa = PBXFileReference; lastKnownFileType = sourcecode.swift; path = TrackizerApp.swift; sourceTree = "<group>"; };
		3B569D502A88E8B500AC9DA1 /* Assets.xcassets */ = {isa = PBXFileReference; lastKnownFileType = folder.assetcatalog; path = Assets.xcassets; sourceTree = "<group>"; };
		3B569D532A88E8B500AC9DA1 /* Preview Assets.xcassets */ = {isa = PBXFileReference; lastKnownFileType = folder.assetcatalog; path = "Preview Assets.xcassets"; sourceTree = "<group>"; };
		3B569D592A88E8B500AC9DA1 /* TrackizerTests.xctest */ = {isa = PBXFileReference; explicitFileType = wrapper.cfbundle; includeInIndex = 0; path = TrackizerTests.xctest; sourceTree = BUILT_PRODUCTS_DIR; };
		3B569D5D2A88E8B500AC9DA1 /* TrackizerTests.swift */ = {isa = PBXFileReference; lastKnownFileType = sourcecode.swift; path = TrackizerTests.swift; sourceTree = "<group>"; };
		3B569D632A88E8B500AC9DA1 /* TrackizerUITests.xctest */ = {isa = PBXFileReference; explicitFileType = wrapper.cfbundle; includeInIndex = 0; path = TrackizerUITests.xctest; sourceTree = BUILT_PRODUCTS_DIR; };
		3B569D672A88E8B500AC9DA1 /* TrackizerUITests.swift */ = {isa = PBXFileReference; lastKnownFileType = sourcecode.swift; path = TrackizerUITests.swift; sourceTree = "<group>"; };
		3B569D692A88E8B500AC9DA1 /* TrackizerUITestsLaunchTests.swift */ = {isa = PBXFileReference; lastKnownFileType = sourcecode.swift; path = TrackizerUITestsLaunchTests.swift; sourceTree = "<group>"; };
		3B569D802A88EC6800AC9DA1 /* Inter-Bold.ttf */ = {isa = PBXFileReference; lastKnownFileType = file; name = "Inter-Bold.ttf"; path = "../../../../Downloads/Inter-Bold.ttf"; sourceTree = "<group>"; };
		3B569D812A88EC6900AC9DA1 /* Inter-SemiBold.ttf */ = {isa = PBXFileReference; lastKnownFileType = file; name = "Inter-SemiBold.ttf"; path = "../../../../Downloads/Inter-SemiBold.ttf"; sourceTree = "<group>"; };
		3B569D822A88EC6900AC9DA1 /* Inter-Regular.ttf */ = {isa = PBXFileReference; lastKnownFileType = file; name = "Inter-Regular.ttf"; path = "../../../../Downloads/Inter-Regular.ttf"; sourceTree = "<group>"; };
		3B569D832A88EC6900AC9DA1 /* Inter-Medium.ttf */ = {isa = PBXFileReference; lastKnownFileType = file; name = "Inter-Medium.ttf"; path = "../../../../Downloads/Inter-Medium.ttf"; sourceTree = "<group>"; };
		3B569D882A88EC9100AC9DA1 /* Info.plist */ = {isa = PBXFileReference; lastKnownFileType = text.plist; path = Info.plist; sourceTree = "<group>"; };
		3B569D892A88ED3800AC9DA1 /* UIExtension.swift */ = {isa = PBXFileReference; lastKnownFileType = sourcecode.swift; path = UIExtension.swift; sourceTree = "<group>"; };
		3B569D8B2A88F72E00AC9DA1 /* WelcomeView.swift */ = {isa = PBXFileReference; lastKnownFileType = sourcecode.swift; path = WelcomeView.swift; sourceTree = "<group>"; };
		3B569D8D2A89D4CA00AC9DA1 /* PrimaryButton.swift */ = {isa = PBXFileReference; lastKnownFileType = sourcecode.swift; path = PrimaryButton.swift; sourceTree = "<group>"; };
		3B569D8F2A89D61D00AC9DA1 /* SecondaryButton.swift */ = {isa = PBXFileReference; lastKnownFileType = sourcecode.swift; path = SecondaryButton.swift; sourceTree = "<group>"; };
		3B569D912A89D7AB00AC9DA1 /* SocialSignupView.swift */ = {isa = PBXFileReference; lastKnownFileType = sourcecode.swift; path = SocialSignupView.swift; sourceTree = "<group>"; };
		3B569D952A89E09700AC9DA1 /* RoundedTextField.swift */ = {isa = PBXFileReference; lastKnownFileType = sourcecode.swift; path = RoundedTextField.swift; sourceTree = "<group>"; };
		3B569D972A89E4FF00AC9DA1 /* SignInView.swift */ = {isa = PBXFileReference; lastKnownFileType = sourcecode.swift; path = SignInView.swift; sourceTree = "<group>"; };
		3B569D992A89EE3C00AC9DA1 /* SignUpView.swift */ = {isa = PBXFileReference; lastKnownFileType = sourcecode.swift; path = SignUpView.swift; sourceTree = "<group>"; };
		3B8A47BA2A8CC43B00CC0A00 /* MainTabView.swift */ = {isa = PBXFileReference; lastKnownFileType = sourcecode.swift; path = MainTabView.swift; sourceTree = "<group>"; };
		3B8A47BC2A8CCE9E00CC0A00 /* HomeView.swift */ = {isa = PBXFileReference; lastKnownFileType = sourcecode.swift; path = HomeView.swift; sourceTree = "<group>"; };
		3B8A47BE2A8CD1B600CC0A00 /* SegmentButton.swift */ = {isa = PBXFileReference; lastKnownFileType = sourcecode.swift; path = SegmentButton.swift; sourceTree = "<group>"; };
		3B8A47C02A8CD40700CC0A00 /* SubscriptionModel.swift */ = {isa = PBXFileReference; lastKnownFileType = sourcecode.swift; path = SubscriptionModel.swift; sourceTree = "<group>"; };
		3B8A47C22A8CDC1900CC0A00 /* SubscriptionHomeRow.swift */ = {isa = PBXFileReference; lastKnownFileType = sourcecode.swift; path = SubscriptionHomeRow.swift; sourceTree = "<group>"; };
		3B8A47C42A8CDCC100CC0A00 /* UpcommingBillRow.swift */ = {isa = PBXFileReference; lastKnownFileType = sourcecode.swift; path = UpcommingBillRow.swift; sourceTree = "<group>"; };
		3B8A47C62A8CE0C900CC0A00 /* StatusButton.swift */ = {isa = PBXFileReference; lastKnownFileType = sourcecode.swift; path = StatusButton.swift; sourceTree = "<group>"; };
/* End PBXFileReference section */

/* Begin PBXFrameworksBuildPhase section */
		3B569D462A88E8B300AC9DA1 /* Frameworks */ = {
			isa = PBXFrameworksBuildPhase;
			buildActionMask = 2147483647;
			files = (
			);
			runOnlyForDeploymentPostprocessing = 0;
		};
		3B569D562A88E8B500AC9DA1 /* Frameworks */ = {
			isa = PBXFrameworksBuildPhase;
			buildActionMask = 2147483647;
			files = (
			);
			runOnlyForDeploymentPostprocessing = 0;
		};
		3B569D602A88E8B500AC9DA1 /* Frameworks */ = {
			isa = PBXFrameworksBuildPhase;
			buildActionMask = 2147483647;
			files = (
			);
			runOnlyForDeploymentPostprocessing = 0;
		};
/* End PBXFrameworksBuildPhase section */

/* Begin PBXGroup section */
		3B569D402A88E8B300AC9DA1 = {
			isa = PBXGroup;
			children = (
				3B569D4B2A88E8B300AC9DA1 /* Trackizer */,
				3B569D5C2A88E8B500AC9DA1 /* TrackizerTests */,
				3B569D662A88E8B500AC9DA1 /* TrackizerUITests */,
				3B569D4A2A88E8B300AC9DA1 /* Products */,
			);
			sourceTree = "<group>";
		};
		3B569D4A2A88E8B300AC9DA1 /* Products */ = {
			isa = PBXGroup;
			children = (
				3B569D492A88E8B300AC9DA1 /* Trackizer.app */,
				3B569D592A88E8B500AC9DA1 /* TrackizerTests.xctest */,
				3B569D632A88E8B500AC9DA1 /* TrackizerUITests.xctest */,
			);
			name = Products;
			sourceTree = "<group>";
		};
		3B569D4B2A88E8B300AC9DA1 /* Trackizer */ = {
			isa = PBXGroup;
			children = (
				3B569D882A88EC9100AC9DA1 /* Info.plist */,
				3B569D7C2A88E9A900AC9DA1 /* UICommon */,
				3B569D7B2A88E9A200AC9DA1 /* Common */,
				3B569D7A2A88E99C00AC9DA1 /* Model */,
				3B569D792A88E99500AC9DA1 /* ViewModel */,
				3B569D782A88E98F00AC9DA1 /* View */,
				3B569D772A88E96900AC9DA1 /* Font */,
				3B569D4C2A88E8B300AC9DA1 /* TrackizerApp.swift */,
				3B569D502A88E8B500AC9DA1 /* Assets.xcassets */,
				3B569D522A88E8B500AC9DA1 /* Preview Content */,
			);
			path = Trackizer;
			sourceTree = "<group>";
		};
		3B569D522A88E8B500AC9DA1 /* Preview Content */ = {
			isa = PBXGroup;
			children = (
				3B569D532A88E8B500AC9DA1 /* Preview Assets.xcassets */,
			);
			path = "Preview Content";
			sourceTree = "<group>";
		};
		3B569D5C2A88E8B500AC9DA1 /* TrackizerTests */ = {
			isa = PBXGroup;
			children = (
				3B569D5D2A88E8B500AC9DA1 /* TrackizerTests.swift */,
			);
			path = TrackizerTests;
			sourceTree = "<group>";
		};
		3B569D662A88E8B500AC9DA1 /* TrackizerUITests */ = {
			isa = PBXGroup;
			children = (
				3B569D672A88E8B500AC9DA1 /* TrackizerUITests.swift */,
				3B569D692A88E8B500AC9DA1 /* TrackizerUITestsLaunchTests.swift */,
			);
			path = TrackizerUITests;
			sourceTree = "<group>";
		};
		3B569D772A88E96900AC9DA1 /* Font */ = {
			isa = PBXGroup;
			children = (
				3B569D802A88EC6800AC9DA1 /* Inter-Bold.ttf */,
				3B569D832A88EC6900AC9DA1 /* Inter-Medium.ttf */,
				3B569D822A88EC6900AC9DA1 /* Inter-Regular.ttf */,
				3B569D812A88EC6900AC9DA1 /* Inter-SemiBold.ttf */,
			);
			path = Font;
			sourceTree = "<group>";
		};
		3B569D782A88E98F00AC9DA1 /* View */ = {
			isa = PBXGroup;
			children = (
				3B569D7F2A88E9FD00AC9DA1 /* MainTab */,
				3B569D7E2A88E9F500AC9DA1 /* Home */,
				3B569D7D2A88E9F000AC9DA1 /* Login */,
			);
			path = View;
			sourceTree = "<group>";
		};
		3B569D792A88E99500AC9DA1 /* ViewModel */ = {
			isa = PBXGroup;
			children = (
			);
			path = ViewModel;
			sourceTree = "<group>";
		};
		3B569D7A2A88E99C00AC9DA1 /* Model */ = {
			isa = PBXGroup;
			children = (
				3B8A47C02A8CD40700CC0A00 /* SubscriptionModel.swift */,
			);
			path = Model;
			sourceTree = "<group>";
		};
		3B569D7B2A88E9A200AC9DA1 /* Common */ = {
			isa = PBXGroup;
			children = (
			);
			path = Common;
			sourceTree = "<group>";
		};
		3B569D7C2A88E9A900AC9DA1 /* UICommon */ = {
			isa = PBXGroup;
			children = (
				3B569D892A88ED3800AC9DA1 /* UIExtension.swift */,
				3B569D8D2A89D4CA00AC9DA1 /* PrimaryButton.swift */,
				3B569D8F2A89D61D00AC9DA1 /* SecondaryButton.swift */,
				3B569D952A89E09700AC9DA1 /* RoundedTextField.swift */,
				3B8A47BE2A8CD1B600CC0A00 /* SegmentButton.swift */,
				3B8A47C22A8CDC1900CC0A00 /* SubscriptionHomeRow.swift */,
				3B8A47C42A8CDCC100CC0A00 /* UpcommingBillRow.swift */,
				3B8A47C62A8CE0C900CC0A00 /* StatusButton.swift */,
			);
			path = UICommon;
			sourceTree = "<group>";
		};
		3B569D7D2A88E9F000AC9DA1 /* Login */ = {
			isa = PBXGroup;
			children = (
				3B569D8B2A88F72E00AC9DA1 /* WelcomeView.swift */,
				3B569D912A89D7AB00AC9DA1 /* SocialSignupView.swift */,
				3B569D972A89E4FF00AC9DA1 /* SignInView.swift */,
				3B569D992A89EE3C00AC9DA1 /* SignUpView.swift */,
			);
			path = Login;
			sourceTree = "<group>";
		};
		3B569D7E2A88E9F500AC9DA1 /* Home */ = {
			isa = PBXGroup;
			children = (
				3B8A47BC2A8CCE9E00CC0A00 /* HomeView.swift */,
			);
			path = Home;
			sourceTree = "<group>";
		};
		3B569D7F2A88E9FD00AC9DA1 /* MainTab */ = {
			isa = PBXGroup;
			children = (
				3B8A47BA2A8CC43B00CC0A00 /* MainTabView.swift */,
			);
			path = MainTab;
			sourceTree = "<group>";
		};
/* End PBXGroup section */

/* Begin PBXNativeTarget section */
		3B569D482A88E8B300AC9DA1 /* Trackizer */ = {
			isa = PBXNativeTarget;
			buildConfigurationList = 3B569D6D2A88E8B500AC9DA1 /* Build configuration list for PBXNativeTarget "Trackizer" */;
			buildPhases = (
				3B569D452A88E8B300AC9DA1 /* Sources */,
				3B569D462A88E8B300AC9DA1 /* Frameworks */,
				3B569D472A88E8B300AC9DA1 /* Resources */,
			);
			buildRules = (
			);
			dependencies = (
			);
			name = Trackizer;
			productName = Trackizer;
			productReference = 3B569D492A88E8B300AC9DA1 /* Trackizer.app */;
			productType = "com.apple.product-type.application";
		};
		3B569D582A88E8B500AC9DA1 /* TrackizerTests */ = {
			isa = PBXNativeTarget;
			buildConfigurationList = 3B569D702A88E8B500AC9DA1 /* Build configuration list for PBXNativeTarget "TrackizerTests" */;
			buildPhases = (
				3B569D552A88E8B500AC9DA1 /* Sources */,
				3B569D562A88E8B500AC9DA1 /* Frameworks */,
				3B569D572A88E8B500AC9DA1 /* Resources */,
			);
			buildRules = (
			);
			dependencies = (
				3B569D5B2A88E8B500AC9DA1 /* PBXTargetDependency */,
			);
			name = TrackizerTests;
			productName = TrackizerTests;
			productReference = 3B569D592A88E8B500AC9DA1 /* TrackizerTests.xctest */;
			productType = "com.apple.product-type.bundle.unit-test";
		};
		3B569D622A88E8B500AC9DA1 /* TrackizerUITests */ = {
			isa = PBXNativeTarget;
			buildConfigurationList = 3B569D732A88E8B500AC9DA1 /* Build configuration list for PBXNativeTarget "TrackizerUITests" */;
			buildPhases = (
				3B569D5F2A88E8B500AC9DA1 /* Sources */,
				3B569D602A88E8B500AC9DA1 /* Frameworks */,
				3B569D612A88E8B500AC9DA1 /* Resources */,
			);
			buildRules = (
			);
			dependencies = (
				3B569D652A88E8B500AC9DA1 /* PBXTargetDependency */,
			);
			name = TrackizerUITests;
			productName = TrackizerUITests;
			productReference = 3B569D632A88E8B500AC9DA1 /* TrackizerUITests.xctest */;
			productType = "com.apple.product-type.bundle.ui-testing";
		};
/* End PBXNativeTarget section */

/* Begin PBXProject section */
		3B569D412A88E8B300AC9DA1 /* Project object */ = {
			isa = PBXProject;
			attributes = {
				BuildIndependentTargetsInParallel = 1;
				LastSwiftUpdateCheck = 1430;
				LastUpgradeCheck = 1430;
				TargetAttributes = {
					3B569D482A88E8B300AC9DA1 = {
						CreatedOnToolsVersion = 14.3.1;
					};
					3B569D582A88E8B500AC9DA1 = {
						CreatedOnToolsVersion = 14.3.1;
						TestTargetID = 3B569D482A88E8B300AC9DA1;
					};
					3B569D622A88E8B500AC9DA1 = {
						CreatedOnToolsVersion = 14.3.1;
						TestTargetID = 3B569D482A88E8B300AC9DA1;
					};
				};
			};
			buildConfigurationList = 3B569D442A88E8B300AC9DA1 /* Build configuration list for PBXProject "Trackizer" */;
			compatibilityVersion = "Xcode 14.0";
			developmentRegion = en;
			hasScannedForEncodings = 0;
			knownRegions = (
				en,
				Base,
			);
			mainGroup = 3B569D402A88E8B300AC9DA1;
			productRefGroup = 3B569D4A2A88E8B300AC9DA1 /* Products */;
			projectDirPath = "";
			projectRoot = "";
			targets = (
				3B569D482A88E8B300AC9DA1 /* Trackizer */,
				3B569D582A88E8B500AC9DA1 /* TrackizerTests */,
				3B569D622A88E8B500AC9DA1 /* TrackizerUITests */,
			);
		};
/* End PBXProject section */

/* Begin PBXResourcesBuildPhase section */
		3B569D472A88E8B300AC9DA1 /* Resources */ = {
			isa = PBXResourcesBuildPhase;
			buildActionMask = 2147483647;
			files = (
				3B569D852A88EC6900AC9DA1 /* Inter-SemiBold.ttf in Resources */,
				3B569D862A88EC6900AC9DA1 /* Inter-Regular.ttf in Resources */,
				3B569D872A88EC6900AC9DA1 /* Inter-Medium.ttf in Resources */,
				3B569D842A88EC6900AC9DA1 /* Inter-Bold.ttf in Resources */,
				3B569D542A88E8B500AC9DA1 /* Preview Assets.xcassets in Resources */,
				3B569D512A88E8B500AC9DA1 /* Assets.xcassets in Resources */,
			);
			runOnlyForDeploymentPostprocessing = 0;
		};
		3B569D572A88E8B500AC9DA1 /* Resources */ = {
			isa = PBXResourcesBuildPhase;
			buildActionMask = 2147483647;
			files = (
			);
			runOnlyForDeploymentPostprocessing = 0;
		};
		3B569D612A88E8B500AC9DA1 /* Resources */ = {
			isa = PBXResourcesBuildPhase;
			buildActionMask = 2147483647;
			files = (
			);
			runOnlyForDeploymentPostprocessing = 0;
		};
/* End PBXResourcesBuildPhase section */

/* Begin PBXSourcesBuildPhase section */
		3B569D452A88E8B300AC9DA1 /* Sources */ = {
			isa = PBXSourcesBuildPhase;
			buildActionMask = 2147483647;
			files = (
				3B8A47C32A8CDC1900CC0A00 /* SubscriptionHomeRow.swift in Sources */,
				3B569D982A89E4FF00AC9DA1 /* SignInView.swift in Sources */,
				3B569D902A89D61D00AC9DA1 /* SecondaryButton.swift in Sources */,
				3B569D8A2A88ED3800AC9DA1 /* UIExtension.swift in Sources */,
				3B569D8C2A88F72E00AC9DA1 /* WelcomeView.swift in Sources */,
				3B569D962A89E09700AC9DA1 /* RoundedTextField.swift in Sources */,
				3B8A47BD2A8CCE9E00CC0A00 /* HomeView.swift in Sources */,
				3B569D922A89D7AB00AC9DA1 /* SocialSignupView.swift in Sources */,
				3B569D8E2A89D4CA00AC9DA1 /* PrimaryButton.swift in Sources */,
				3B569D9A2A89EE3C00AC9DA1 /* SignUpView.swift in Sources */,
				3B8A47C52A8CDCC100CC0A00 /* UpcommingBillRow.swift in Sources */,
				3B8A47BF2A8CD1B600CC0A00 /* SegmentButton.swift in Sources */,
				3B569D4D2A88E8B300AC9DA1 /* TrackizerApp.swift in Sources */,
				3B8A47C72A8CE0C900CC0A00 /* StatusButton.swift in Sources */,
				3B8A47BB2A8CC43B00CC0A00 /* MainTabView.swift in Sources */,
				3B8A47C12A8CD40700CC0A00 /* SubscriptionModel.swift in Sources */,
			);
			runOnlyForDeploymentPostprocessing = 0;
		};
		3B569D552A88E8B500AC9DA1 /* Sources */ = {
			isa = PBXSourcesBuildPhase;
			buildActionMask = 2147483647;
			files = (
				3B569D5E2A88E8B500AC9DA1 /* TrackizerTests.swift in Sources */,
			);
			runOnlyForDeploymentPostprocessing = 0;
		};
		3B569D5F2A88E8B500AC9DA1 /* Sources */ = {
			isa = PBXSourcesBuildPhase;
			buildActionMask = 2147483647;
			files = (
				3B569D6A2A88E8B500AC9DA1 /* TrackizerUITestsLaunchTests.swift in Sources */,
				3B569D682A88E8B500AC9DA1 /* TrackizerUITests.swift in Sources */,
			);
			runOnlyForDeploymentPostprocessing = 0;
		};
/* End PBXSourcesBuildPhase section */

/* Begin PBXTargetDependency section */
		3B569D5B2A88E8B500AC9DA1 /* PBXTargetDependency */ = {
			isa = PBXTargetDependency;
			target = 3B569D482A88E8B300AC9DA1 /* Trackizer */;
			targetProxy = 3B569D5A2A88E8B500AC9DA1 /* PBXContainerItemProxy */;
		};
		3B569D652A88E8B500AC9DA1 /* PBXTargetDependency */ = {
			isa = PBXTargetDependency;
			target = 3B569D482A88E8B300AC9DA1 /* Trackizer */;
			targetProxy = 3B569D642A88E8B500AC9DA1 /* PBXContainerItemProxy */;
		};
/* End PBXTargetDependency section */

/* Begin XCBuildConfiguration section */
		3B569D6B2A88E8B500AC9DA1 /* Debug */ = {
			isa = XCBuildConfiguration;
			buildSettings = {
				ALWAYS_SEARCH_USER_PATHS = NO;
				CLANG_ANALYZER_NONNULL = YES;
				CLANG_ANALYZER_NUMBER_OBJECT_CONVERSION = YES_AGGRESSIVE;
				CLANG_CXX_LANGUAGE_STANDARD = "gnu++20";
				CLANG_ENABLE_MODULES = YES;
				CLANG_ENABLE_OBJC_ARC = YES;
				CLANG_ENABLE_OBJC_WEAK = YES;
				CLANG_WARN_BLOCK_CAPTURE_AUTORELEASING = YES;
				CLANG_WARN_BOOL_CONVERSION = YES;
				CLANG_WARN_COMMA = YES;
				CLANG_WARN_CONSTANT_CONVERSION = YES;
				CLANG_WARN_DEPRECATED_OBJC_IMPLEMENTATIONS = YES;
				CLANG_WARN_DIRECT_OBJC_ISA_USAGE = YES_ERROR;
				CLANG_WARN_DOCUMENTATION_COMMENTS = YES;
				CLANG_WARN_EMPTY_BODY = YES;
				CLANG_WARN_ENUM_CONVERSION = YES;
				CLANG_WARN_INFINITE_RECURSION = YES;
				CLANG_WARN_INT_CONVERSION = YES;
				CLANG_WARN_NON_LITERAL_NULL_CONVERSION = YES;
				CLANG_WARN_OBJC_IMPLICIT_RETAIN_SELF = YES;
				CLANG_WARN_OBJC_LITERAL_CONVERSION = YES;
				CLANG_WARN_OBJC_ROOT_CLASS = YES_ERROR;
				CLANG_WARN_QUOTED_INCLUDE_IN_FRAMEWORK_HEADER = YES;
				CLANG_WARN_RANGE_LOOP_ANALYSIS = YES;
				CLANG_WARN_STRICT_PROTOTYPES = YES;
				CLANG_WARN_SUSPICIOUS_MOVE = YES;
				CLANG_WARN_UNGUARDED_AVAILABILITY = YES_AGGRESSIVE;
				CLANG_WARN_UNREACHABLE_CODE = YES;
				CLANG_WARN__DUPLICATE_METHOD_MATCH = YES;
				COPY_PHASE_STRIP = NO;
				DEBUG_INFORMATION_FORMAT = dwarf;
				ENABLE_STRICT_OBJC_MSGSEND = YES;
				ENABLE_TESTABILITY = YES;
				GCC_C_LANGUAGE_STANDARD = gnu11;
				GCC_DYNAMIC_NO_PIC = NO;
				GCC_NO_COMMON_BLOCKS = YES;
				GCC_OPTIMIZATION_LEVEL = 0;
				GCC_PREPROCESSOR_DEFINITIONS = (
					"DEBUG=1",
					"$(inherited)",
				);
				GCC_WARN_64_TO_32_BIT_CONVERSION = YES;
				GCC_WARN_ABOUT_RETURN_TYPE = YES_ERROR;
				GCC_WARN_UNDECLARED_SELECTOR = YES;
				GCC_WARN_UNINITIALIZED_AUTOS = YES_AGGRESSIVE;
				GCC_WARN_UNUSED_FUNCTION = YES;
				GCC_WARN_UNUSED_VARIABLE = YES;
				IPHONEOS_DEPLOYMENT_TARGET = 16.4;
				MTL_ENABLE_DEBUG_INFO = INCLUDE_SOURCE;
				MTL_FAST_MATH = YES;
				ONLY_ACTIVE_ARCH = YES;
				SDKROOT = iphoneos;
				SWIFT_ACTIVE_COMPILATION_CONDITIONS = DEBUG;
				SWIFT_OPTIMIZATION_LEVEL = "-Onone";
			};
			name = Debug;
		};
		3B569D6C2A88E8B500AC9DA1 /* Release */ = {
			isa = XCBuildConfiguration;
			buildSettings = {
				ALWAYS_SEARCH_USER_PATHS = NO;
				CLANG_ANALYZER_NONNULL = YES;
				CLANG_ANALYZER_NUMBER_OBJECT_CONVERSION = YES_AGGRESSIVE;
				CLANG_CXX_LANGUAGE_STANDARD = "gnu++20";
				CLANG_ENABLE_MODULES = YES;
				CLANG_ENABLE_OBJC_ARC = YES;
				CLANG_ENABLE_OBJC_WEAK = YES;
				CLANG_WARN_BLOCK_CAPTURE_AUTORELEASING = YES;
				CLANG_WARN_BOOL_CONVERSION = YES;
				CLANG_WARN_COMMA = YES;
				CLANG_WARN_CONSTANT_CONVERSION = YES;
				CLANG_WARN_DEPRECATED_OBJC_IMPLEMENTATIONS = YES;
				CLANG_WARN_DIRECT_OBJC_ISA_USAGE = YES_ERROR;
				CLANG_WARN_DOCUMENTATION_COMMENTS = YES;
				CLANG_WARN_EMPTY_BODY = YES;
				CLANG_WARN_ENUM_CONVERSION = YES;
				CLANG_WARN_INFINITE_RECURSION = YES;
				CLANG_WARN_INT_CONVERSION = YES;
				CLANG_WARN_NON_LITERAL_NULL_CONVERSION = YES;
				CLANG_WARN_OBJC_IMPLICIT_RETAIN_SELF = YES;
				CLANG_WARN_OBJC_LITERAL_CONVERSION = YES;
				CLANG_WARN_OBJC_ROOT_CLASS = YES_ERROR;
				CLANG_WARN_QUOTED_INCLUDE_IN_FRAMEWORK_HEADER = YES;
				CLANG_WARN_RANGE_LOOP_ANALYSIS = YES;
				CLANG_WARN_STRICT_PROTOTYPES = YES;
				CLANG_WARN_SUSPICIOUS_MOVE = YES;
				CLANG_WARN_UNGUARDED_AVAILABILITY = YES_AGGRESSIVE;
				CLANG_WARN_UNREACHABLE_CODE = YES;
				CLANG_WARN__DUPLICATE_METHOD_MATCH = YES;
				COPY_PHASE_STRIP = NO;
				DEBUG_INFORMATION_FORMAT = "dwarf-with-dsym";
				ENABLE_NS_ASSERTIONS = NO;
				ENABLE_STRICT_OBJC_MSGSEND = YES;
				GCC_C_LANGUAGE_STANDARD = gnu11;
				GCC_NO_COMMON_BLOCKS = YES;
				GCC_WARN_64_TO_32_BIT_CONVERSION = YES;
				GCC_WARN_ABOUT_RETURN_TYPE = YES_ERROR;
				GCC_WARN_UNDECLARED_SELECTOR = YES;
				GCC_WARN_UNINITIALIZED_AUTOS = YES_AGGRESSIVE;
				GCC_WARN_UNUSED_FUNCTION = YES;
				GCC_WARN_UNUSED_VARIABLE = YES;
				IPHONEOS_DEPLOYMENT_TARGET = 16.4;
				MTL_ENABLE_DEBUG_INFO = NO;
				MTL_FAST_MATH = YES;
				SDKROOT = iphoneos;
				SWIFT_COMPILATION_MODE = wholemodule;
				SWIFT_OPTIMIZATION_LEVEL = "-O";
				VALIDATE_PRODUCT = YES;
			};
			name = Release;
		};
		3B569D6E2A88E8B500AC9DA1 /* Debug */ = {
			isa = XCBuildConfiguration;
			buildSettings = {
				ASSETCATALOG_COMPILER_APPICON_NAME = AppIcon;
				ASSETCATALOG_COMPILER_GLOBAL_ACCENT_COLOR_NAME = AccentColor;
				CODE_SIGN_STYLE = Automatic;
				CURRENT_PROJECT_VERSION = 1;
				DEVELOPMENT_ASSET_PATHS = "\"Trackizer/Preview Content\"";
				ENABLE_PREVIEWS = YES;
				GENERATE_INFOPLIST_FILE = YES;
				INFOPLIST_FILE = Trackizer/Info.plist;
				INFOPLIST_KEY_UIApplicationSceneManifest_Generation = YES;
				INFOPLIST_KEY_UIApplicationSupportsIndirectInputEvents = YES;
				INFOPLIST_KEY_UILaunchScreen_Generation = YES;
				INFOPLIST_KEY_UISupportedInterfaceOrientations_iPad = "UIInterfaceOrientationPortrait UIInterfaceOrientationPortraitUpsideDown UIInterfaceOrientationLandscapeLeft UIInterfaceOrientationLandscapeRight";
				INFOPLIST_KEY_UISupportedInterfaceOrientations_iPhone = "UIInterfaceOrientationPortrait UIInterfaceOrientationLandscapeLeft UIInterfaceOrientationLandscapeRight";
				LD_RUNPATH_SEARCH_PATHS = (
					"$(inherited)",
					"@executable_path/Frameworks",
				);
				MARKETING_VERSION = 1.0;
				PRODUCT_BUNDLE_IDENTIFIER = com.alaminkarno.Trackizer;
				PRODUCT_NAME = "$(TARGET_NAME)";
				SWIFT_EMIT_LOC_STRINGS = YES;
				SWIFT_VERSION = 5.0;
				TARGETED_DEVICE_FAMILY = "1,2";
			};
			name = Debug;
		};
		3B569D6F2A88E8B500AC9DA1 /* Release */ = {
			isa = XCBuildConfiguration;
			buildSettings = {
				ASSETCATALOG_COMPILER_APPICON_NAME = AppIcon;
				ASSETCATALOG_COMPILER_GLOBAL_ACCENT_COLOR_NAME = AccentColor;
				CODE_SIGN_STYLE = Automatic;
				CURRENT_PROJECT_VERSION = 1;
				DEVELOPMENT_ASSET_PATHS = "\"Trackizer/Preview Content\"";
				ENABLE_PREVIEWS = YES;
				GENERATE_INFOPLIST_FILE = YES;
				INFOPLIST_FILE = Trackizer/Info.plist;
				INFOPLIST_KEY_UIApplicationSceneManifest_Generation = YES;
				INFOPLIST_KEY_UIApplicationSupportsIndirectInputEvents = YES;
				INFOPLIST_KEY_UILaunchScreen_Generation = YES;
				INFOPLIST_KEY_UISupportedInterfaceOrientations_iPad = "UIInterfaceOrientationPortrait UIInterfaceOrientationPortraitUpsideDown UIInterfaceOrientationLandscapeLeft UIInterfaceOrientationLandscapeRight";
				INFOPLIST_KEY_UISupportedInterfaceOrientations_iPhone = "UIInterfaceOrientationPortrait UIInterfaceOrientationLandscapeLeft UIInterfaceOrientationLandscapeRight";
				LD_RUNPATH_SEARCH_PATHS = (
					"$(inherited)",
					"@executable_path/Frameworks",
				);
				MARKETING_VERSION = 1.0;
				PRODUCT_BUNDLE_IDENTIFIER = com.alaminkarno.Trackizer;
				PRODUCT_NAME = "$(TARGET_NAME)";
				SWIFT_EMIT_LOC_STRINGS = YES;
				SWIFT_VERSION = 5.0;
				TARGETED_DEVICE_FAMILY = "1,2";
			};
			name = Release;
		};
		3B569D712A88E8B500AC9DA1 /* Debug */ = {
			isa = XCBuildConfiguration;
			buildSettings = {
				ALWAYS_EMBED_SWIFT_STANDARD_LIBRARIES = YES;
				BUNDLE_LOADER = "$(TEST_HOST)";
				CODE_SIGN_STYLE = Automatic;
				CURRENT_PROJECT_VERSION = 1;
				GENERATE_INFOPLIST_FILE = YES;
				IPHONEOS_DEPLOYMENT_TARGET = 16.4;
				MARKETING_VERSION = 1.0;
				PRODUCT_BUNDLE_IDENTIFIER = com.alaminkarno.TrackizerTests;
				PRODUCT_NAME = "$(TARGET_NAME)";
				SWIFT_EMIT_LOC_STRINGS = NO;
				SWIFT_VERSION = 5.0;
				TARGETED_DEVICE_FAMILY = "1,2";
				TEST_HOST = "$(BUILT_PRODUCTS_DIR)/Trackizer.app/$(BUNDLE_EXECUTABLE_FOLDER_PATH)/Trackizer";
			};
			name = Debug;
		};
		3B569D722A88E8B500AC9DA1 /* Release */ = {
			isa = XCBuildConfiguration;
			buildSettings = {
				ALWAYS_EMBED_SWIFT_STANDARD_LIBRARIES = YES;
				BUNDLE_LOADER = "$(TEST_HOST)";
				CODE_SIGN_STYLE = Automatic;
				CURRENT_PROJECT_VERSION = 1;
				GENERATE_INFOPLIST_FILE = YES;
				IPHONEOS_DEPLOYMENT_TARGET = 16.4;
				MARKETING_VERSION = 1.0;
				PRODUCT_BUNDLE_IDENTIFIER = com.alaminkarno.TrackizerTests;
				PRODUCT_NAME = "$(TARGET_NAME)";
				SWIFT_EMIT_LOC_STRINGS = NO;
				SWIFT_VERSION = 5.0;
				TARGETED_DEVICE_FAMILY = "1,2";
				TEST_HOST = "$(BUILT_PRODUCTS_DIR)/Trackizer.app/$(BUNDLE_EXECUTABLE_FOLDER_PATH)/Trackizer";
			};
			name = Release;
		};
		3B569D742A88E8B500AC9DA1 /* Debug */ = {
			isa = XCBuildConfiguration;
			buildSettings = {
				ALWAYS_EMBED_SWIFT_STANDARD_LIBRARIES = YES;
				CODE_SIGN_STYLE = Automatic;
				CURRENT_PROJECT_VERSION = 1;
				GENERATE_INFOPLIST_FILE = YES;
				MARKETING_VERSION = 1.0;
				PRODUCT_BUNDLE_IDENTIFIER = com.alaminkarno.TrackizerUITests;
				PRODUCT_NAME = "$(TARGET_NAME)";
				SWIFT_EMIT_LOC_STRINGS = NO;
				SWIFT_VERSION = 5.0;
				TARGETED_DEVICE_FAMILY = "1,2";
				TEST_TARGET_NAME = Trackizer;
			};
			name = Debug;
		};
		3B569D752A88E8B500AC9DA1 /* Release */ = {
			isa = XCBuildConfiguration;
			buildSettings = {
				ALWAYS_EMBED_SWIFT_STANDARD_LIBRARIES = YES;
				CODE_SIGN_STYLE = Automatic;
				CURRENT_PROJECT_VERSION = 1;
				GENERATE_INFOPLIST_FILE = YES;
				MARKETING_VERSION = 1.0;
				PRODUCT_BUNDLE_IDENTIFIER = com.alaminkarno.TrackizerUITests;
				PRODUCT_NAME = "$(TARGET_NAME)";
				SWIFT_EMIT_LOC_STRINGS = NO;
				SWIFT_VERSION = 5.0;
				TARGETED_DEVICE_FAMILY = "1,2";
				TEST_TARGET_NAME = Trackizer;
			};
			name = Release;
		};
/* End XCBuildConfiguration section */

/* Begin XCConfigurationList section */
		3B569D442A88E8B300AC9DA1 /* Build configuration list for PBXProject "Trackizer" */ = {
			isa = XCConfigurationList;
			buildConfigurations = (
				3B569D6B2A88E8B500AC9DA1 /* Debug */,
				3B569D6C2A88E8B500AC9DA1 /* Release */,
			);
			defaultConfigurationIsVisible = 0;
			defaultConfigurationName = Release;
		};
		3B569D6D2A88E8B500AC9DA1 /* Build configuration list for PBXNativeTarget "Trackizer" */ = {
			isa = XCConfigurationList;
			buildConfigurations = (
				3B569D6E2A88E8B500AC9DA1 /* Debug */,
				3B569D6F2A88E8B500AC9DA1 /* Release */,
			);
			defaultConfigurationIsVisible = 0;
			defaultConfigurationName = Release;
		};
		3B569D702A88E8B500AC9DA1 /* Build configuration list for PBXNativeTarget "TrackizerTests" */ = {
			isa = XCConfigurationList;
			buildConfigurations = (
				3B569D712A88E8B500AC9DA1 /* Debug */,
				3B569D722A88E8B500AC9DA1 /* Release */,
			);
			defaultConfigurationIsVisible = 0;
			defaultConfigurationName = Release;
		};
		3B569D732A88E8B500AC9DA1 /* Build configuration list for PBXNativeTarget "TrackizerUITests" */ = {
			isa = XCConfigurationList;
			buildConfigurations = (
				3B569D742A88E8B500AC9DA1 /* Debug */,
				3B569D752A88E8B500AC9DA1 /* Release */,
			);
			defaultConfigurationIsVisible = 0;
			defaultConfigurationName = Release;
		};
/* End XCConfigurationList section */
	};
	rootObject = 3B569D412A88E8B300AC9DA1 /* Project object */;
}
